// !$*UTF8*$!
{
	archiveVersion = 1;
	classes = {
	};
	objectVersion = 56;
	objects = {

/* Begin PBXBuildFile section */
		276ED8432C0B40E5004AC351 /* AppDelegate.swift in Sources */ = {isa = PBXBuildFile; fileRef = 276ED8422C0B40E5004AC351 /* AppDelegate.swift */; };
		276ED8452C0B40E5004AC351 /* SceneDelegate.swift in Sources */ = {isa = PBXBuildFile; fileRef = 276ED8442C0B40E5004AC351 /* SceneDelegate.swift */; };
		276ED8472C0B40E5004AC351 /* ViewController.swift in Sources */ = {isa = PBXBuildFile; fileRef = 276ED8462C0B40E5004AC351 /* ViewController.swift */; };
		276ED84A2C0B40E5004AC351 /* Base in Resources */ = {isa = PBXBuildFile; fileRef = 276ED8492C0B40E5004AC351 /* Base */; };
		276ED84C2C0B40E7004AC351 /* Assets.xcassets in Resources */ = {isa = PBXBuildFile; fileRef = 276ED84B2C0B40E7004AC351 /* Assets.xcassets */; };
		276ED84F2C0B40E7004AC351 /* Base in Resources */ = {isa = PBXBuildFile; fileRef = 276ED84E2C0B40E7004AC351 /* Base */; };
		276ED8572C0B48BF004AC351 /* words.txt in Resources */ = {isa = PBXBuildFile; fileRef = 276ED8562C0B48BF004AC351 /* words.txt */; };
		276ED8662C0BE01B004AC351 /* 0.jpg in Resources */ = {isa = PBXBuildFile; fileRef = 276ED85C2C0BE01B004AC351 /* 0.jpg */; };
		276ED8672C0BE01B004AC351 /* 1.jpg in Resources */ = {isa = PBXBuildFile; fileRef = 276ED85D2C0BE01B004AC351 /* 1.jpg */; };
		276ED8682C0BE01B004AC351 /* 2.jpg in Resources */ = {isa = PBXBuildFile; fileRef = 276ED85E2C0BE01B004AC351 /* 2.jpg */; };
		276ED8692C0BE01B004AC351 /* 3.jpg in Resources */ = {isa = PBXBuildFile; fileRef = 276ED85F2C0BE01B004AC351 /* 3.jpg */; };
		276ED86A2C0BE01B004AC351 /* 4.jpg in Resources */ = {isa = PBXBuildFile; fileRef = 276ED8602C0BE01B004AC351 /* 4.jpg */; };
		276ED86B2C0BE01B004AC351 /* 5.jpg in Resources */ = {isa = PBXBuildFile; fileRef = 276ED8612C0BE01B004AC351 /* 5.jpg */; };
		276ED86C2C0BE01B004AC351 /* 6.jpg in Resources */ = {isa = PBXBuildFile; fileRef = 276ED8622C0BE01B004AC351 /* 6.jpg */; };
		276ED86D2C0BE01B004AC351 /* 7.jpg in Resources */ = {isa = PBXBuildFile; fileRef = 276ED8632C0BE01B004AC351 /* 7.jpg */; };
		276ED86E2C0BE01B004AC351 /* 8.jpg in Resources */ = {isa = PBXBuildFile; fileRef = 276ED8642C0BE01B004AC351 /* 8.jpg */; };
/* End PBXBuildFile section */

/* Begin PBXFileReference section */
		276ED83F2C0B40E5004AC351 /* Project9-7MilestoneHangman.app */ = {isa = PBXFileReference; explicitFileType = wrapper.application; includeInIndex = 0; path = "Project9-7MilestoneHangman.app"; sourceTree = BUILT_PRODUCTS_DIR; };
		276ED8422C0B40E5004AC351 /* AppDelegate.swift */ = {isa = PBXFileReference; lastKnownFileType = sourcecode.swift; path = AppDelegate.swift; sourceTree = "<group>"; };
		276ED8442C0B40E5004AC351 /* SceneDelegate.swift */ = {isa = PBXFileReference; lastKnownFileType = sourcecode.swift; path = SceneDelegate.swift; sourceTree = "<group>"; };
		276ED8462C0B40E5004AC351 /* ViewController.swift */ = {isa = PBXFileReference; lastKnownFileType = sourcecode.swift; path = ViewController.swift; sourceTree = "<group>"; };
		276ED8492C0B40E5004AC351 /* Base */ = {isa = PBXFileReference; lastKnownFileType = file.storyboard; name = Base; path = Base.lproj/Main.storyboard; sourceTree = "<group>"; };
		276ED84B2C0B40E7004AC351 /* Assets.xcassets */ = {isa = PBXFileReference; lastKnownFileType = folder.assetcatalog; path = Assets.xcassets; sourceTree = "<group>"; };
		276ED84E2C0B40E7004AC351 /* Base */ = {isa = PBXFileReference; lastKnownFileType = file.storyboard; name = Base; path = Base.lproj/LaunchScreen.storyboard; sourceTree = "<group>"; };
		276ED8502C0B40E7004AC351 /* Info.plist */ = {isa = PBXFileReference; lastKnownFileType = text.plist.xml; path = Info.plist; sourceTree = "<group>"; };
		276ED8562C0B48BF004AC351 /* words.txt */ = {isa = PBXFileReference; fileEncoding = 4; lastKnownFileType = text; path = words.txt; sourceTree = "<group>"; };
		276ED85C2C0BE01B004AC351 /* 0.jpg */ = {isa = PBXFileReference; lastKnownFileType = image.jpeg; path = 0.jpg; sourceTree = "<group>"; };
		276ED85D2C0BE01B004AC351 /* 1.jpg */ = {isa = PBXFileReference; lastKnownFileType = image.jpeg; path = 1.jpg; sourceTree = "<group>"; };
		276ED85E2C0BE01B004AC351 /* 2.jpg */ = {isa = PBXFileReference; lastKnownFileType = image.jpeg; path = 2.jpg; sourceTree = "<group>"; };
		276ED85F2C0BE01B004AC351 /* 3.jpg */ = {isa = PBXFileReference; lastKnownFileType = image.jpeg; path = 3.jpg; sourceTree = "<group>"; };
		276ED8602C0BE01B004AC351 /* 4.jpg */ = {isa = PBXFileReference; lastKnownFileType = image.jpeg; path = 4.jpg; sourceTree = "<group>"; };
		276ED8612C0BE01B004AC351 /* 5.jpg */ = {isa = PBXFileReference; lastKnownFileType = image.jpeg; path = 5.jpg; sourceTree = "<group>"; };
		276ED8622C0BE01B004AC351 /* 6.jpg */ = {isa = PBXFileReference; lastKnownFileType = image.jpeg; path = 6.jpg; sourceTree = "<group>"; };
		276ED8632C0BE01B004AC351 /* 7.jpg */ = {isa = PBXFileReference; lastKnownFileType = image.jpeg; path = 7.jpg; sourceTree = "<group>"; };
		276ED8642C0BE01B004AC351 /* 8.jpg */ = {isa = PBXFileReference; lastKnownFileType = image.jpeg; path = 8.jpg; sourceTree = "<group>"; };
/* End PBXFileReference section */

/* Begin PBXFrameworksBuildPhase section */
		276ED83C2C0B40E5004AC351 /* Frameworks */ = {
			isa = PBXFrameworksBuildPhase;
			buildActionMask = 2147483647;
			files = (
			);
			runOnlyForDeploymentPostprocessing = 0;
		};
/* End PBXFrameworksBuildPhase section */

/* Begin PBXGroup section */
		276ED8362C0B40E5004AC351 = {
			isa = PBXGroup;
			children = (
				276ED8412C0B40E5004AC351 /* Project9-7MilestoneHangman */,
				276ED8402C0B40E5004AC351 /* Products */,
			);
			sourceTree = "<group>";
		};
		276ED8402C0B40E5004AC351 /* Products */ = {
			isa = PBXGroup;
			children = (
				276ED83F2C0B40E5004AC351 /* Project9-7MilestoneHangman.app */,
			);
			name = Products;
			sourceTree = "<group>";
		};
		276ED8412C0B40E5004AC351 /* Project9-7MilestoneHangman */ = {
			isa = PBXGroup;
			children = (
				276ED8422C0B40E5004AC351 /* AppDelegate.swift */,
				276ED8442C0B40E5004AC351 /* SceneDelegate.swift */,
				276ED8462C0B40E5004AC351 /* ViewController.swift */,
				276ED8482C0B40E5004AC351 /* Main.storyboard */,
				276ED84B2C0B40E7004AC351 /* Assets.xcassets */,
				276ED84D2C0B40E7004AC351 /* LaunchScreen.storyboard */,
				276ED8562C0B48BF004AC351 /* words.txt */,
				276ED8502C0B40E7004AC351 /* Info.plist */,
				276ED8652C0BE01B004AC351 /* HangMan */,
			);
			path = "Project9-7MilestoneHangman";
			sourceTree = "<group>";
		};
		276ED8652C0BE01B004AC351 /* HangMan */ = {
			isa = PBXGroup;
			children = (
				276ED85C2C0BE01B004AC351 /* 0.jpg */,
				276ED85D2C0BE01B004AC351 /* 1.jpg */,
				276ED85E2C0BE01B004AC351 /* 2.jpg */,
				276ED85F2C0BE01B004AC351 /* 3.jpg */,
				276ED8602C0BE01B004AC351 /* 4.jpg */,
				276ED8612C0BE01B004AC351 /* 5.jpg */,
				276ED8622C0BE01B004AC351 /* 6.jpg */,
				276ED8632C0BE01B004AC351 /* 7.jpg */,
				276ED8642C0BE01B004AC351 /* 8.jpg */,
			);
			path = HangMan;
			sourceTree = "<group>";
		};
/* End PBXGroup section */

/* Begin PBXNativeTarget section */
		276ED83E2C0B40E5004AC351 /* Project9-7MilestoneHangman */ = {
			isa = PBXNativeTarget;
			buildConfigurationList = 276ED8532C0B40E7004AC351 /* Build configuration list for PBXNativeTarget "Project9-7MilestoneHangman" */;
			buildPhases = (
				276ED83B2C0B40E5004AC351 /* Sources */,
				276ED83C2C0B40E5004AC351 /* Frameworks */,
				276ED83D2C0B40E5004AC351 /* Resources */,
			);
			buildRules = (
			);
			dependencies = (
			);
			name = "Project9-7MilestoneHangman";
			productName = "Project9-7MilestoneHangman";
			productReference = 276ED83F2C0B40E5004AC351 /* Project9-7MilestoneHangman.app */;
			productType = "com.apple.product-type.application";
		};
/* End PBXNativeTarget section */

/* Begin PBXProject section */
		276ED8372C0B40E5004AC351 /* Project object */ = {
			isa = PBXProject;
			attributes = {
				BuildIndependentTargetsInParallel = 1;
				LastSwiftUpdateCheck = 1540;
				LastUpgradeCheck = 1540;
				TargetAttributes = {
					276ED83E2C0B40E5004AC351 = {
						CreatedOnToolsVersion = 15.4;
					};
				};
			};
			buildConfigurationList = 276ED83A2C0B40E5004AC351 /* Build configuration list for PBXProject "Project9-7MilestoneHangman" */;
			compatibilityVersion = "Xcode 14.0";
			developmentRegion = en;
			hasScannedForEncodings = 0;
			knownRegions = (
				en,
				Base,
			);
			mainGroup = 276ED8362C0B40E5004AC351;
			productRefGroup = 276ED8402C0B40E5004AC351 /* Products */;
			projectDirPath = "";
			projectRoot = "";
			targets = (
				276ED83E2C0B40E5004AC351 /* Project9-7MilestoneHangman */,
			);
		};
/* End PBXProject section */

/* Begin PBXResourcesBuildPhase section */
		276ED83D2C0B40E5004AC351 /* Resources */ = {
			isa = PBXResourcesBuildPhase;
			buildActionMask = 2147483647;
			files = (
				276ED86B2C0BE01B004AC351 /* 5.jpg in Resources */,
				276ED86A2C0BE01B004AC351 /* 4.jpg in Resources */,
				276ED86C2C0BE01B004AC351 /* 6.jpg in Resources */,
				276ED84C2C0B40E7004AC351 /* Assets.xcassets in Resources */,
				276ED86D2C0BE01B004AC351 /* 7.jpg in Resources */,
				276ED8672C0BE01B004AC351 /* 1.jpg in Resources */,
				276ED84F2C0B40E7004AC351 /* Base in Resources */,
				276ED8662C0BE01B004AC351 /* 0.jpg in Resources */,
				276ED86E2C0BE01B004AC351 /* 8.jpg in Resources */,
				276ED8572C0B48BF004AC351 /* words.txt in Resources */,
				276ED8692C0BE01B004AC351 /* 3.jpg in Resources */,
				276ED84A2C0B40E5004AC351 /* Base in Resources */,
				276ED8682C0BE01B004AC351 /* 2.jpg in Resources */,
			);
			runOnlyForDeploymentPostprocessing = 0;
		};
/* End PBXResourcesBuildPhase section */

/* Begin PBXSourcesBuildPhase section */
		276ED83B2C0B40E5004AC351 /* Sources */ = {
			isa = PBXSourcesBuildPhase;
			buildActionMask = 2147483647;
			files = (
				276ED8472C0B40E5004AC351 /* ViewController.swift in Sources */,
				276ED8432C0B40E5004AC351 /* AppDelegate.swift in Sources */,
				276ED8452C0B40E5004AC351 /* SceneDelegate.swift in Sources */,
			);
			runOnlyForDeploymentPostprocessing = 0;
		};
/* End PBXSourcesBuildPhase section */

/* Begin PBXVariantGroup section */
		276ED8482C0B40E5004AC351 /* Main.storyboard */ = {
			isa = PBXVariantGroup;
			children = (
				276ED8492C0B40E5004AC351 /* Base */,
			);
			name = Main.storyboard;
			sourceTree = "<group>";
		};
		276ED84D2C0B40E7004AC351 /* LaunchScreen.storyboard */ = {
			isa = PBXVariantGroup;
			children = (
				276ED84E2C0B40E7004AC351 /* Base */,
			);
			name = LaunchScreen.storyboard;
			sourceTree = "<group>";
		};
/* End PBXVariantGroup section */

/* Begin XCBuildConfiguration section */
		276ED8512C0B40E7004AC351 /* Debug */ = {
			isa = XCBuildConfiguration;
			buildSettings = {
				ALWAYS_SEARCH_USER_PATHS = NO;
				ASSETCATALOG_COMPILER_GENERATE_SWIFT_ASSET_SYMBOL_EXTENSIONS = YES;
				CLANG_ANALYZER_NONNULL = YES;
				CLANG_ANALYZER_NUMBER_OBJECT_CONVERSION = YES_AGGRESSIVE;
				CLANG_CXX_LANGUAGE_STANDARD = "gnu++20";
				CLANG_ENABLE_MODULES = YES;
				CLANG_ENABLE_OBJC_ARC = YES;
				CLANG_ENABLE_OBJC_WEAK = YES;
				CLANG_WARN_BLOCK_CAPTURE_AUTORELEASING = YES;
				CLANG_WARN_BOOL_CONVERSION = YES;
				CLANG_WARN_COMMA = YES;
				CLANG_WARN_CONSTANT_CONVERSION = YES;
				CLANG_WARN_DEPRECATED_OBJC_IMPLEMENTATIONS = YES;
				CLANG_WARN_DIRECT_OBJC_ISA_USAGE = YES_ERROR;
				CLANG_WARN_DOCUMENTATION_COMMENTS = YES;
				CLANG_WARN_EMPTY_BODY = YES;
				CLANG_WARN_ENUM_CONVERSION = YES;
				CLANG_WARN_INFINITE_RECURSION = YES;
				CLANG_WARN_INT_CONVERSION = YES;
				CLANG_WARN_NON_LITERAL_NULL_CONVERSION = YES;
				CLANG_WARN_OBJC_IMPLICIT_RETAIN_SELF = YES;
				CLANG_WARN_OBJC_LITERAL_CONVERSION = YES;
				CLANG_WARN_OBJC_ROOT_CLASS = YES_ERROR;
				CLANG_WARN_QUOTED_INCLUDE_IN_FRAMEWORK_HEADER = YES;
				CLANG_WARN_RANGE_LOOP_ANALYSIS = YES;
				CLANG_WARN_STRICT_PROTOTYPES = YES;
				CLANG_WARN_SUSPICIOUS_MOVE = YES;
				CLANG_WARN_UNGUARDED_AVAILABILITY = YES_AGGRESSIVE;
				CLANG_WARN_UNREACHABLE_CODE = YES;
				CLANG_WARN__DUPLICATE_METHOD_MATCH = YES;
				COPY_PHASE_STRIP = NO;
				DEBUG_INFORMATION_FORMAT = dwarf;
				ENABLE_STRICT_OBJC_MSGSEND = YES;
				ENABLE_TESTABILITY = YES;
				ENABLE_USER_SCRIPT_SANDBOXING = YES;
				GCC_C_LANGUAGE_STANDARD = gnu17;
				GCC_DYNAMIC_NO_PIC = NO;
				GCC_NO_COMMON_BLOCKS = YES;
				GCC_OPTIMIZATION_LEVEL = 0;
				GCC_PREPROCESSOR_DEFINITIONS = (
					"DEBUG=1",
					"$(inherited)",
				);
				GCC_WARN_64_TO_32_BIT_CONVERSION = YES;
				GCC_WARN_ABOUT_RETURN_TYPE = YES_ERROR;
				GCC_WARN_UNDECLARED_SELECTOR = YES;
				GCC_WARN_UNINITIALIZED_AUTOS = YES_AGGRESSIVE;
				GCC_WARN_UNUSED_FUNCTION = YES;
				GCC_WARN_UNUSED_VARIABLE = YES;
				IPHONEOS_DEPLOYMENT_TARGET = 17.5;
				LOCALIZATION_PREFERS_STRING_CATALOGS = YES;
				MTL_ENABLE_DEBUG_INFO = INCLUDE_SOURCE;
				MTL_FAST_MATH = YES;
				ONLY_ACTIVE_ARCH = YES;
				SDKROOT = iphoneos;
				SWIFT_ACTIVE_COMPILATION_CONDITIONS = "DEBUG $(inherited)";
				SWIFT_OPTIMIZATION_LEVEL = "-Onone";
			};
			name = Debug;
		};
		276ED8522C0B40E7004AC351 /* Release */ = {
			isa = XCBuildConfiguration;
			buildSettings = {
				ALWAYS_SEARCH_USER_PATHS = NO;
				ASSETCATALOG_COMPILER_GENERATE_SWIFT_ASSET_SYMBOL_EXTENSIONS = YES;
				CLANG_ANALYZER_NONNULL = YES;
				CLANG_ANALYZER_NUMBER_OBJECT_CONVERSION = YES_AGGRESSIVE;
				CLANG_CXX_LANGUAGE_STANDARD = "gnu++20";
				CLANG_ENABLE_MODULES = YES;
				CLANG_ENABLE_OBJC_ARC = YES;
				CLANG_ENABLE_OBJC_WEAK = YES;
				CLANG_WARN_BLOCK_CAPTURE_AUTORELEASING = YES;
				CLANG_WARN_BOOL_CONVERSION = YES;
				CLANG_WARN_COMMA = YES;
				CLANG_WARN_CONSTANT_CONVERSION = YES;
				CLANG_WARN_DEPRECATED_OBJC_IMPLEMENTATIONS = YES;
				CLANG_WARN_DIRECT_OBJC_ISA_USAGE = YES_ERROR;
				CLANG_WARN_DOCUMENTATION_COMMENTS = YES;
				CLANG_WARN_EMPTY_BODY = YES;
				CLANG_WARN_ENUM_CONVERSION = YES;
				CLANG_WARN_INFINITE_RECURSION = YES;
				CLANG_WARN_INT_CONVERSION = YES;
				CLANG_WARN_NON_LITERAL_NULL_CONVERSION = YES;
				CLANG_WARN_OBJC_IMPLICIT_RETAIN_SELF = YES;
				CLANG_WARN_OBJC_LITERAL_CONVERSION = YES;
				CLANG_WARN_OBJC_ROOT_CLASS = YES_ERROR;
				CLANG_WARN_QUOTED_INCLUDE_IN_FRAMEWORK_HEADER = YES;
				CLANG_WARN_RANGE_LOOP_ANALYSIS = YES;
				CLANG_WARN_STRICT_PROTOTYPES = YES;
				CLANG_WARN_SUSPICIOUS_MOVE = YES;
				CLANG_WARN_UNGUARDED_AVAILABILITY = YES_AGGRESSIVE;
				CLANG_WARN_UNREACHABLE_CODE = YES;
				CLANG_WARN__DUPLICATE_METHOD_MATCH = YES;
				COPY_PHASE_STRIP = NO;
				DEBUG_INFORMATION_FORMAT = "dwarf-with-dsym";
				ENABLE_NS_ASSERTIONS = NO;
				ENABLE_STRICT_OBJC_MSGSEND = YES;
				ENABLE_USER_SCRIPT_SANDBOXING = YES;
				GCC_C_LANGUAGE_STANDARD = gnu17;
				GCC_NO_COMMON_BLOCKS = YES;
				GCC_WARN_64_TO_32_BIT_CONVERSION = YES;
				GCC_WARN_ABOUT_RETURN_TYPE = YES_ERROR;
				GCC_WARN_UNDECLARED_SELECTOR = YES;
				GCC_WARN_UNINITIALIZED_AUTOS = YES_AGGRESSIVE;
				GCC_WARN_UNUSED_FUNCTION = YES;
				GCC_WARN_UNUSED_VARIABLE = YES;
				IPHONEOS_DEPLOYMENT_TARGET = 17.5;
				LOCALIZATION_PREFERS_STRING_CATALOGS = YES;
				MTL_ENABLE_DEBUG_INFO = NO;
				MTL_FAST_MATH = YES;
				SDKROOT = iphoneos;
				SWIFT_COMPILATION_MODE = wholemodule;
				VALIDATE_PRODUCT = YES;
			};
			name = Release;
		};
		276ED8542C0B40E7004AC351 /* Debug */ = {
			isa = XCBuildConfiguration;
			buildSettings = {
				ASSETCATALOG_COMPILER_APPICON_NAME = AppIcon;
				ASSETCATALOG_COMPILER_GLOBAL_ACCENT_COLOR_NAME = AccentColor;
				CODE_SIGN_STYLE = Automatic;
				CURRENT_PROJECT_VERSION = 1;
				DEVELOPMENT_TEAM = V4L2W9TKFK;
				GENERATE_INFOPLIST_FILE = YES;
				INFOPLIST_FILE = "Project9-7MilestoneHangman/Info.plist";
				INFOPLIST_KEY_UIApplicationSupportsIndirectInputEvents = YES;
				INFOPLIST_KEY_UILaunchStoryboardName = LaunchScreen;
				INFOPLIST_KEY_UIMainStoryboardFile = Main;
				INFOPLIST_KEY_UISupportedInterfaceOrientations = UIInterfaceOrientationPortrait;
				INFOPLIST_KEY_UISupportedInterfaceOrientations_iPad = "UIInterfaceOrientationLandscapeLeft UIInterfaceOrientationLandscapeRight UIInterfaceOrientationPortrait UIInterfaceOrientationPortraitUpsideDown";
				IPHONEOS_DEPLOYMENT_TARGET = 15.0;
				LD_RUNPATH_SEARCH_PATHS = (
					"$(inherited)",
					"@executable_path/Frameworks",
				);
				MARKETING_VERSION = 1.0;
				PRODUCT_BUNDLE_IDENTIFIER = "my.zh.Project9-7MilestoneHangman";
				PRODUCT_NAME = "$(TARGET_NAME)";
				SWIFT_EMIT_LOC_STRINGS = YES;
				SWIFT_VERSION = 5.0;
				TARGETED_DEVICE_FAMILY = "1,2";
			};
			name = Debug;
		};
		276ED8552C0B40E7004AC351 /* Release */ = {
			isa = XCBuildConfiguration;
			buildSettings = {
				ASSETCATALOG_COMPILER_APPICON_NAME = AppIcon;
				ASSETCATALOG_COMPILER_GLOBAL_ACCENT_COLOR_NAME = AccentColor;
				CODE_SIGN_STYLE = Automatic;
				CURRENT_PROJECT_VERSION = 1;
				DEVELOPMENT_TEAM = V4L2W9TKFK;
				GENERATE_INFOPLIST_FILE = YES;
				INFOPLIST_FILE = "Project9-7MilestoneHangman/Info.plist";
				INFOPLIST_KEY_UIApplicationSupportsIndirectInputEvents = YES;
				INFOPLIST_KEY_UILaunchStoryboardName = LaunchScreen;
				INFOPLIST_KEY_UIMainStoryboardFile = Main;
				INFOPLIST_KEY_UISupportedInterfaceOrientations = UIInterfaceOrientationPortrait;
				INFOPLIST_KEY_UISupportedInterfaceOrientations_iPad = "UIInterfaceOrientationLandscapeLeft UIInterfaceOrientationLandscapeRight UIInterfaceOrientationPortrait UIInterfaceOrientationPortraitUpsideDown";
				IPHONEOS_DEPLOYMENT_TARGET = 15.0;
				LD_RUNPATH_SEARCH_PATHS = (
					"$(inherited)",
					"@executable_path/Frameworks",
				);
				MARKETING_VERSION = 1.0;
				PRODUCT_BUNDLE_IDENTIFIER = "my.zh.Project9-7MilestoneHangman";
				PRODUCT_NAME = "$(TARGET_NAME)";
				SWIFT_EMIT_LOC_STRINGS = YES;
				SWIFT_VERSION = 5.0;
				TARGETED_DEVICE_FAMILY = "1,2";
			};
			name = Release;
		};
/* End XCBuildConfiguration section */

/* Begin XCConfigurationList section */
		276ED83A2C0B40E5004AC351 /* Build configuration list for PBXProject "Project9-7MilestoneHangman" */ = {
			isa = XCConfigurationList;
			buildConfigurations = (
				276ED8512C0B40E7004AC351 /* Debug */,
				276ED8522C0B40E7004AC351 /* Release */,
			);
			defaultConfigurationIsVisible = 0;
			defaultConfigurationName = Release;
		};
		276ED8532C0B40E7004AC351 /* Build configuration list for PBXNativeTarget "Project9-7MilestoneHangman" */ = {
			isa = XCConfigurationList;
			buildConfigurations = (
				276ED8542C0B40E7004AC351 /* Debug */,
				276ED8552C0B40E7004AC351 /* Release */,
			);
			defaultConfigurationIsVisible = 0;
			defaultConfigurationName = Release;
		};
/* End XCConfigurationList section */
	};
	rootObject = 276ED8372C0B40E5004AC351 /* Project object */;
}
